
Microsoft Visual Studio Solution File, Format Version 12.00
# Visual Studio Version 17
VisualStudioVersion = 17.6.33801.468
MinimumVisualStudioVersion = 10.0.40219.1
Project("{FAE04EC0-301F-11D3-BF4B-00C04F79EFBC}") = "RecapGameProject", "RecapGameProject\RecapGameProject.csproj", "{895D5A2D-E083-48B4-BC8B-F8817E47F1A3}"
EndProject
Global
	GlobalSection(SolutionConfigurationPlatforms) = preSolution
		Debug|Any CPU = Debug|Any CPU
		Release|Any CPU = Release|Any CPU
	EndGlobalSection
	GlobalSection(ProjectConfigurationPlatforms) = postSolution
		{895D5A2D-E083-48B4-BC8B-F8817E47F1A3}.Debug|Any CPU.ActiveCfg = Debug|Any CPU
		{895D5A2D-E083-48B4-BC8B-F8817E47F1A3}.Debug|Any CPU.Build.0 = Debug|Any CPU
		{895D5A2D-E083-48B4-BC8B-F8817E47F1A3}.Release|Any CPU.ActiveCfg = Release|Any CPU
		{895D5A2D-E083-48B4-BC8B-F8817E47F1A3}.Release|Any CPU.Build.0 = Release|Any CPU
	EndGlobalSection
	GlobalSection(SolutionProperties) = preSolution
		HideSolutionNode = FALSE
	EndGlobalSection
	GlobalSection(ExtensibilityGlobals) = postSolution
		SolutionGuid = {832F4B82-5FA9-44B0-93A5-1EB78267FE0F}
	EndGlobalSection
EndGlobal
